
Microsoft Visual Studio Solution File, Format Version 12.00
# Visual Studio Version 16
VisualStudioVersion = 16.0.31105.61
MinimumVisualStudioVersion = 10.0.40219.1
Project("{FAE04EC0-301F-11D3-BF4B-00C04F79EFBC}") = "RazorPagesMovie", "RazorPagesMovie\RazorPagesMovie.csproj", "{EA062C87-46C6-49B8-8CEB-B30D6743A9AE}"
EndProject
Global
	GlobalSection(SolutionConfigurationPlatforms) = preSolution
		Debug|Any CPU = Debug|Any CPU
		Release|Any CPU = Release|Any CPU
	EndGlobalSection
	GlobalSection(ProjectConfigurationPlatforms) = postSolution
		{EA062C87-46C6-49B8-8CEB-B30D6743A9AE}.Debug|Any CPU.ActiveCfg = Debug|Any CPU
		{EA062C87-46C6-49B8-8CEB-B30D6743A9AE}.Debug|Any CPU.Build.0 = Debug|Any CPU
		{EA062C87-46C6-49B8-8CEB-B30D6743A9AE}.Release|Any CPU.ActiveCfg = Release|Any CPU
		{EA062C87-46C6-49B8-8CEB-B30D6743A9AE}.Release|Any CPU.Build.0 = Release|Any CPU
	EndGlobalSection
	GlobalSection(SolutionProperties) = preSolution
		HideSolutionNode = FALSE
	EndGlobalSection
	GlobalSection(ExtensibilityGlobals) = postSolution
		SolutionGuid = {F5280B50-675A-4E5D-B841-3D6A57B8901E}
	EndGlobalSection
EndGlobal
